# THIS IS AN AUTOGENERATED FILE. DO NOT EDIT THIS FILE DIRECTLY.
# yarn lockfile v1


card-validator@^3.0.0:
  version "3.0.1"
  resolved "https://registry.yarnpkg.com/card-validator/-/card-validator-3.0.1.tgz#dcc2fabd6a1cd21f361b2536423a72de99a0894f"
  dependencies:
    credit-card-type "^5.0.0"
    lodash "3.10.1"

credit-card-type@^5.0.0:
  version "5.0.3"
  resolved "https://registry.yarnpkg.com/credit-card-type/-/credit-card-type-5.0.3.tgz#2122f0191920e278c15518dd43ef3abb3f69359d"

lodash.compact@^3.0.1:
  version "3.0.1"
  resolved "https://registry.yarnpkg.com/lodash.compact/-/lodash.compact-3.0.1.tgz#540ce3837745975807471e16b4a2ba21e7256ca5"

lodash.every@^4.6.0:
  version "4.6.0"
  resolved "https://registry.yarnpkg.com/lodash.every/-/lodash.every-4.6.0.tgz#eb89984bebc4364279bb3aefbbd1ca19bfa6c6a7"

lodash.pick@^4.4.0:
  version "4.4.0"
  resolved "https://registry.yarnpkg.com/lodash.pick/-/lodash.pick-4.4.0.tgz#52f05610fff9ded422611441ed1fc123a03001b3"

lodash.values@^4.3.0:
  version "4.3.0"
  resolved "https://registry.yarnpkg.com/lodash.values/-/lodash.values-4.3.0.tgz#a3a6c2b0ebecc5c2cba1c17e6e620fe81b53d347"

lodash@3.10.1:
  version "3.10.1"
  resolved "https://registry.yarnpkg.com/lodash/-/lodash-3.10.1.tgz#5bf45e8e49ba4189e17d482789dfd15bd140b7b6"

react-native-flip-card@^3.3.0:
  version "3.4.1"
  resolved "https://registry.yarnpkg.com/react-native-flip-card/-/react-native-flip-card-3.4.1.tgz#29599ae8bce082e091a2bdec2a982f7ab9a22460"

tasman-credit-card-input@^1.0.1:
  version "1.0.1"
  resolved "https://registry.yarnpkg.com/tasman-credit-card-input/-/tasman-credit-card-input-1.0.1.tgz#d19b2af2fce820f67a245aa744bfb93c0502d139"
  dependencies:
    card-validator "^3.0.0"
    lodash.compact "^3.0.1"
    lodash.every "^4.6.0"
    lodash.pick "^4.4.0"
    lodash.values "^4.3.0"
    react-native-flip-card "^3.3.0"
